// !$*UTF8*$!
{
	archiveVersion = 1;
	classes = {
	};
	objectVersion = 46;
	objects = {

/* Begin PBXBuildFile section */
		3F3CF6491E898B0600C3C3DA /* AppDelegate.swift in Sources */ = {isa = PBXBuildFile; fileRef = 3F3CF6481E898B0600C3C3DA /* AppDelegate.swift */; };
		3F3CF64B1E898B0600C3C3DA /* ViewController.swift in Sources */ = {isa = PBXBuildFile; fileRef = 3F3CF64A1E898B0600C3C3DA /* ViewController.swift */; };
		3F3CF6511E898B0600C3C3DA /* HosPet.xcdatamodeld in Sources */ = {isa = PBXBuildFile; fileRef = 3F3CF64F1E898B0600C3C3DA /* HosPet.xcdatamodeld */; };
		3F3CF6531E898B0600C3C3DA /* Assets.xcassets in Resources */ = {isa = PBXBuildFile; fileRef = 3F3CF6521E898B0600C3C3DA /* Assets.xcassets */; };
		3F3CF65E1E898CC200C3C3DA /* TelaInicialTableViewController.swift in Sources */ = {isa = PBXBuildFile; fileRef = 3F3CF65D1E898CC200C3C3DA /* TelaInicialTableViewController.swift */; };
		3F3CF6601E898CF500C3C3DA /* Usuario.swift in Sources */ = {isa = PBXBuildFile; fileRef = 3F3CF65F1E898CF500C3C3DA /* Usuario.swift */; };
		3F3CF6621E898D0300C3C3DA /* UsuarioTableViewCell.swift in Sources */ = {isa = PBXBuildFile; fileRef = 3F3CF6611E898D0300C3C3DA /* UsuarioTableViewCell.swift */; };
		3F3CF6641E898D5C00C3C3DA /* Main.storyboard in Resources */ = {isa = PBXBuildFile; fileRef = 3F3CF6631E898D5C00C3C3DA /* Main.storyboard */; };
		3F3CF6661E898D7F00C3C3DA /* LaunchScreen.storyboard in Resources */ = {isa = PBXBuildFile; fileRef = 3F3CF6651E898D7F00C3C3DA /* LaunchScreen.storyboard */; };
		3F3CF66A1E899A0B00C3C3DA /* PerfilAnfitriaoViewController.swift in Sources */ = {isa = PBXBuildFile; fileRef = 3F3CF6691E899A0B00C3C3DA /* PerfilAnfitriaoViewController.swift */; };
		3F3D7A1A1E8AE063001E328B /* LocalAnfitriaoViewController.swift in Sources */ = {isa = PBXBuildFile; fileRef = 3F3D7A191E8AE063001E328B /* LocalAnfitriaoViewController.swift */; };
/* End PBXBuildFile section */

/* Begin PBXFileReference section */
		3F3CF6451E898B0600C3C3DA /* HosPet.app */ = {isa = PBXFileReference; explicitFileType = wrapper.application; includeInIndex = 0; path = HosPet.app; sourceTree = BUILT_PRODUCTS_DIR; };
		3F3CF6481E898B0600C3C3DA /* AppDelegate.swift */ = {isa = PBXFileReference; lastKnownFileType = sourcecode.swift; path = AppDelegate.swift; sourceTree = "<group>"; };
		3F3CF64A1E898B0600C3C3DA /* ViewController.swift */ = {isa = PBXFileReference; lastKnownFileType = sourcecode.swift; path = ViewController.swift; sourceTree = "<group>"; };
		3F3CF6501E898B0600C3C3DA /* HosPet.xcdatamodel */ = {isa = PBXFileReference; lastKnownFileType = wrapper.xcdatamodel; path = HosPet.xcdatamodel; sourceTree = "<group>"; };
		3F3CF6521E898B0600C3C3DA /* Assets.xcassets */ = {isa = PBXFileReference; lastKnownFileType = folder.assetcatalog; path = Assets.xcassets; sourceTree = "<group>"; };
		3F3CF6571E898B0600C3C3DA /* Info.plist */ = {isa = PBXFileReference; lastKnownFileType = text.plist.xml; path = Info.plist; sourceTree = "<group>"; };
		3F3CF65D1E898CC200C3C3DA /* TelaInicialTableViewController.swift */ = {isa = PBXFileReference; fileEncoding = 4; lastKnownFileType = sourcecode.swift; path = TelaInicialTableViewController.swift; sourceTree = "<group>"; };
		3F3CF65F1E898CF500C3C3DA /* Usuario.swift */ = {isa = PBXFileReference; fileEncoding = 4; lastKnownFileType = sourcecode.swift; path = Usuario.swift; sourceTree = "<group>"; };
		3F3CF6611E898D0300C3C3DA /* UsuarioTableViewCell.swift */ = {isa = PBXFileReference; fileEncoding = 4; lastKnownFileType = sourcecode.swift; path = UsuarioTableViewCell.swift; sourceTree = "<group>"; };
		3F3CF6631E898D5C00C3C3DA /* Main.storyboard */ = {isa = PBXFileReference; fileEncoding = 4; lastKnownFileType = file.storyboard; path = Main.storyboard; sourceTree = "<group>"; };
		3F3CF6651E898D7F00C3C3DA /* LaunchScreen.storyboard */ = {isa = PBXFileReference; fileEncoding = 4; lastKnownFileType = file.storyboard; path = LaunchScreen.storyboard; sourceTree = "<group>"; };
		3F3CF6691E899A0B00C3C3DA /* PerfilAnfitriaoViewController.swift */ = {isa = PBXFileReference; fileEncoding = 4; lastKnownFileType = sourcecode.swift; path = PerfilAnfitriaoViewController.swift; sourceTree = "<group>"; };
		3F3D7A191E8AE063001E328B /* LocalAnfitriaoViewController.swift */ = {isa = PBXFileReference; fileEncoding = 4; lastKnownFileType = sourcecode.swift; path = LocalAnfitriaoViewController.swift; sourceTree = "<group>"; };
/* End PBXFileReference section */

/* Begin PBXFrameworksBuildPhase section */
		3F3CF6421E898B0600C3C3DA /* Frameworks */ = {
			isa = PBXFrameworksBuildPhase;
			buildActionMask = 2147483647;
			files = (
			);
			runOnlyForDeploymentPostprocessing = 0;
		};
/* End PBXFrameworksBuildPhase section */

/* Begin PBXGroup section */
		3F3CF63C1E898B0600C3C3DA = {
			isa = PBXGroup;
			children = (
				3F3CF6471E898B0600C3C3DA /* HosPet */,
				3F3CF6461E898B0600C3C3DA /* Products */,
			);
			sourceTree = "<group>";
		};
		3F3CF6461E898B0600C3C3DA /* Products */ = {
			isa = PBXGroup;
			children = (
				3F3CF6451E898B0600C3C3DA /* HosPet.app */,
			);
			name = Products;
			sourceTree = "<group>";
		};
		3F3CF6471E898B0600C3C3DA /* HosPet */ = {
			isa = PBXGroup;
			children = (
				3F3CF6481E898B0600C3C3DA /* AppDelegate.swift */,
				3F3CF64A1E898B0600C3C3DA /* ViewController.swift */,
				3F3CF6521E898B0600C3C3DA /* Assets.xcassets */,
				3F3CF65D1E898CC200C3C3DA /* TelaInicialTableViewController.swift */,
				3F3CF6631E898D5C00C3C3DA /* Main.storyboard */,
				3F3CF6691E899A0B00C3C3DA /* PerfilAnfitriaoViewController.swift */,
				3F3D7A191E8AE063001E328B /* LocalAnfitriaoViewController.swift */,
				3F3CF65F1E898CF500C3C3DA /* Usuario.swift */,
				3F3CF6651E898D7F00C3C3DA /* LaunchScreen.storyboard */,
				3F3CF6611E898D0300C3C3DA /* UsuarioTableViewCell.swift */,
				3F3CF6571E898B0600C3C3DA /* Info.plist */,
				3F3CF64F1E898B0600C3C3DA /* HosPet.xcdatamodeld */,
			);
			path = HosPet;
			sourceTree = "<group>";
		};
/* End PBXGroup section */

/* Begin PBXNativeTarget section */
		3F3CF6441E898B0600C3C3DA /* HosPet */ = {
			isa = PBXNativeTarget;
			buildConfigurationList = 3F3CF65A1E898B0600C3C3DA /* Build configuration list for PBXNativeTarget "HosPet" */;
			buildPhases = (
				3F3CF6411E898B0600C3C3DA /* Sources */,
				3F3CF6421E898B0600C3C3DA /* Frameworks */,
				3F3CF6431E898B0600C3C3DA /* Resources */,
			);
			buildRules = (
			);
			dependencies = (
			);
			name = HosPet;
			productName = HosPet;
			productReference = 3F3CF6451E898B0600C3C3DA /* HosPet.app */;
			productType = "com.apple.product-type.application";
		};
/* End PBXNativeTarget section */

/* Begin PBXProject section */
		3F3CF63D1E898B0600C3C3DA /* Project object */ = {
			isa = PBXProject;
			attributes = {
				LastSwiftUpdateCheck = 0820;
				LastUpgradeCheck = 0820;
				ORGANIZATIONNAME = Veruska;
				TargetAttributes = {
					3F3CF6441E898B0600C3C3DA = {
						CreatedOnToolsVersion = 8.2.1;
						ProvisioningStyle = Automatic;
					};
				};
			};
			buildConfigurationList = 3F3CF6401E898B0600C3C3DA /* Build configuration list for PBXProject "HosPet" */;
			compatibilityVersion = "Xcode 3.2";
			developmentRegion = English;
			hasScannedForEncodings = 0;
			knownRegions = (
				en,
				Base,
			);
			mainGroup = 3F3CF63C1E898B0600C3C3DA;
			productRefGroup = 3F3CF6461E898B0600C3C3DA /* Products */;
			projectDirPath = "";
			projectRoot = "";
			targets = (
				3F3CF6441E898B0600C3C3DA /* HosPet */,
			);
		};
/* End PBXProject section */

/* Begin PBXResourcesBuildPhase section */
		3F3CF6431E898B0600C3C3DA /* Resources */ = {
			isa = PBXResourcesBuildPhase;
			buildActionMask = 2147483647;
			files = (
				3F3CF6661E898D7F00C3C3DA /* LaunchScreen.storyboard in Resources */,
				3F3CF6641E898D5C00C3C3DA /* Main.storyboard in Resources */,
				3F3CF6531E898B0600C3C3DA /* Assets.xcassets in Resources */,
			);
			runOnlyForDeploymentPostprocessing = 0;
		};
/* End PBXResourcesBuildPhase section */

/* Begin PBXSourcesBuildPhase section */
		3F3CF6411E898B0600C3C3DA /* Sources */ = {
			isa = PBXSourcesBuildPhase;
			buildActionMask = 2147483647;
			files = (
				3F3CF64B1E898B0600C3C3DA /* ViewController.swift in Sources */,
				3F3CF65E1E898CC200C3C3DA /* TelaInicialTableViewController.swift in Sources */,
				3F3CF6621E898D0300C3C3DA /* UsuarioTableViewCell.swift in Sources */,
				3F3CF6511E898B0600C3C3DA /* HosPet.xcdatamodeld in Sources */,
				3F3D7A1A1E8AE063001E328B /* LocalAnfitriaoViewController.swift in Sources */,
				3F3CF66A1E899A0B00C3C3DA /* PerfilAnfitriaoViewController.swift in Sources */,
				3F3CF6601E898CF500C3C3DA /* Usuario.swift in Sources */,
				3F3CF6491E898B0600C3C3DA /* AppDelegate.swift in Sources */,
			);
			runOnlyForDeploymentPostprocessing = 0;
		};
/* End PBXSourcesBuildPhase section */

/* Begin XCBuildConfiguration section */
		3F3CF6581E898B0600C3C3DA /* Debug */ = {
			isa = XCBuildConfiguration;
			buildSettings = {
				ALWAYS_SEARCH_USER_PATHS = NO;
				CLANG_ANALYZER_NONNULL = YES;
				CLANG_CXX_LANGUAGE_STANDARD = "gnu++0x";
				CLANG_CXX_LIBRARY = "libc++";
				CLANG_ENABLE_MODULES = YES;
				CLANG_ENABLE_OBJC_ARC = YES;
				CLANG_WARN_BOOL_CONVERSION = YES;
				CLANG_WARN_CONSTANT_CONVERSION = YES;
				CLANG_WARN_DIRECT_OBJC_ISA_USAGE = YES_ERROR;
				CLANG_WARN_DOCUMENTATION_COMMENTS = YES;
				CLANG_WARN_EMPTY_BODY = YES;
				CLANG_WARN_ENUM_CONVERSION = YES;
				CLANG_WARN_INFINITE_RECURSION = YES;
				CLANG_WARN_INT_CONVERSION = YES;
				CLANG_WARN_OBJC_ROOT_CLASS = YES_ERROR;
				CLANG_WARN_SUSPICIOUS_MOVE = YES;
				CLANG_WARN_UNREACHABLE_CODE = YES;
				CLANG_WARN__DUPLICATE_METHOD_MATCH = YES;
				"CODE_SIGN_IDENTITY[sdk=iphoneos*]" = "iPhone Developer";
				COPY_PHASE_STRIP = NO;
				DEBUG_INFORMATION_FORMAT = dwarf;
				ENABLE_STRICT_OBJC_MSGSEND = YES;
				ENABLE_TESTABILITY = YES;
				GCC_C_LANGUAGE_STANDARD = gnu99;
				GCC_DYNAMIC_NO_PIC = NO;
				GCC_NO_COMMON_BLOCKS = YES;
				GCC_OPTIMIZATION_LEVEL = 0;
				GCC_PREPROCESSOR_DEFINITIONS = (
					"DEBUG=1",
					"$(inherited)",
				);
				GCC_WARN_64_TO_32_BIT_CONVERSION = YES;
				GCC_WARN_ABOUT_RETURN_TYPE = YES_ERROR;
				GCC_WARN_UNDECLARED_SELECTOR = YES;
				GCC_WARN_UNINITIALIZED_AUTOS = YES_AGGRESSIVE;
				GCC_WARN_UNUSED_FUNCTION = YES;
				GCC_WARN_UNUSED_VARIABLE = YES;
				IPHONEOS_DEPLOYMENT_TARGET = 10.2;
				MTL_ENABLE_DEBUG_INFO = YES;
				ONLY_ACTIVE_ARCH = YES;
				SDKROOT = iphoneos;
				SWIFT_ACTIVE_COMPILATION_CONDITIONS = DEBUG;
				SWIFT_OPTIMIZATION_LEVEL = "-Onone";
				TARGETED_DEVICE_FAMILY = "1,2";
			};
			name = Debug;
		};
		3F3CF6591E898B0600C3C3DA /* Release */ = {
			isa = XCBuildConfiguration;
			buildSettings = {
				ALWAYS_SEARCH_USER_PATHS = NO;
				CLANG_ANALYZER_NONNULL = YES;
				CLANG_CXX_LANGUAGE_STANDARD = "gnu++0x";
				CLANG_CXX_LIBRARY = "libc++";
				CLANG_ENABLE_MODULES = YES;
				CLANG_ENABLE_OBJC_ARC = YES;
				CLANG_WARN_BOOL_CONVERSION = YES;
				CLANG_WARN_CONSTANT_CONVERSION = YES;
				CLANG_WARN_DIRECT_OBJC_ISA_USAGE = YES_ERROR;
				CLANG_WARN_DOCUMENTATION_COMMENTS = YES;
				CLANG_WARN_EMPTY_BODY = YES;
				CLANG_WARN_ENUM_CONVERSION = YES;
				CLANG_WARN_INFINITE_RECURSION = YES;
				CLANG_WARN_INT_CONVERSION = YES;
				CLANG_WARN_OBJC_ROOT_CLASS = YES_ERROR;
				CLANG_WARN_SUSPICIOUS_MOVE = YES;
				CLANG_WARN_UNREACHABLE_CODE = YES;
				CLANG_WARN__DUPLICATE_METHOD_MATCH = YES;
				"CODE_SIGN_IDENTITY[sdk=iphoneos*]" = "iPhone Developer";
				COPY_PHASE_STRIP = NO;
				DEBUG_INFORMATION_FORMAT = "dwarf-with-dsym";
				ENABLE_NS_ASSERTIONS = NO;
				ENABLE_STRICT_OBJC_MSGSEND = YES;
				GCC_C_LANGUAGE_STANDARD = gnu99;
				GCC_NO_COMMON_BLOCKS = YES;
				GCC_WARN_64_TO_32_BIT_CONVERSION = YES;
				GCC_WARN_ABOUT_RETURN_TYPE = YES_ERROR;
				GCC_WARN_UNDECLARED_SELECTOR = YES;
				GCC_WARN_UNINITIALIZED_AUTOS = YES_AGGRESSIVE;
				GCC_WARN_UNUSED_FUNCTION = YES;
				GCC_WARN_UNUSED_VARIABLE = YES;
				IPHONEOS_DEPLOYMENT_TARGET = 10.2;
				MTL_ENABLE_DEBUG_INFO = NO;
				SDKROOT = iphoneos;
				SWIFT_OPTIMIZATION_LEVEL = "-Owholemodule";
				TARGETED_DEVICE_FAMILY = "1,2";
				VALIDATE_PRODUCT = YES;
			};
			name = Release;
		};
		3F3CF65B1E898B0600C3C3DA /* Debug */ = {
			isa = XCBuildConfiguration;
			buildSettings = {
				ASSETCATALOG_COMPILER_APPICON_NAME = AppIcon;
				INFOPLIST_FILE = HosPet/Info.plist;
				LD_RUNPATH_SEARCH_PATHS = "$(inherited) @executable_path/Frameworks";
				PRODUCT_BUNDLE_IDENTIFIER = br.com.santos.veruska.HosPet;
				PRODUCT_NAME = "$(TARGET_NAME)";
				SWIFT_VERSION = 3.0;
			};
			name = Debug;
		};
		3F3CF65C1E898B0600C3C3DA /* Release */ = {
			isa = XCBuildConfiguration;
			buildSettings = {
				ASSETCATALOG_COMPILER_APPICON_NAME = AppIcon;
				INFOPLIST_FILE = HosPet/Info.plist;
				LD_RUNPATH_SEARCH_PATHS = "$(inherited) @executable_path/Frameworks";
				PRODUCT_BUNDLE_IDENTIFIER = br.com.santos.veruska.HosPet;
				PRODUCT_NAME = "$(TARGET_NAME)";
				SWIFT_VERSION = 3.0;
			};
			name = Release;
		};
/* End XCBuildConfiguration section */

/* Begin XCConfigurationList section */
		3F3CF6401E898B0600C3C3DA /* Build configuration list for PBXProject "HosPet" */ = {
			isa = XCConfigurationList;
			buildConfigurations = (
				3F3CF6581E898B0600C3C3DA /* Debug */,
				3F3CF6591E898B0600C3C3DA /* Release */,
			);
			defaultConfigurationIsVisible = 0;
			defaultConfigurationName = Release;
		};
		3F3CF65A1E898B0600C3C3DA /* Build configuration list for PBXNativeTarget "HosPet" */ = {
			isa = XCConfigurationList;
			buildConfigurations = (
				3F3CF65B1E898B0600C3C3DA /* Debug */,
				3F3CF65C1E898B0600C3C3DA /* Release */,
			);
			defaultConfigurationIsVisible = 0;
			defaultConfigurationName = Release;
		};
/* End XCConfigurationList section */

/* Begin XCVersionGroup section */
		3F3CF64F1E898B0600C3C3DA /* HosPet.xcdatamodeld */ = {
			isa = XCVersionGroup;
			children = (
				3F3CF6501E898B0600C3C3DA /* HosPet.xcdatamodel */,
			);
			currentVersion = 3F3CF6501E898B0600C3C3DA /* HosPet.xcdatamodel */;
			path = HosPet.xcdatamodeld;
			sourceTree = "<group>";
			versionGroupType = wrapper.xcdatamodel;
		};
/* End XCVersionGroup section */
	};
	rootObject = 3F3CF63D1E898B0600C3C3DA /* Project object */;
}
