// !$*UTF8*$!
{
	archiveVersion = 1;
	classes = {
	};
	objectVersion = 46;
	objects = {

/* Begin PBXBuildFile section */
		3F082D861E8D7C6400F9898B /* PerfilAnfitriaoContanierViewController.swift in Sources */ = {isa = PBXBuildFile; fileRef = 3F082D851E8D7C6400F9898B /* PerfilAnfitriaoContanierViewController.swift */; };
		3F1A66471E8AD49000AEA94F /* CoreDataManager.swift in Sources */ = {isa = PBXBuildFile; fileRef = 3F1A66461E8AD49000AEA94F /* CoreDataManager.swift */; };
		3F1A66491E8AD5A900AEA94F /* UsuarioDAO.swift in Sources */ = {isa = PBXBuildFile; fileRef = 3F1A66481E8AD5A900AEA94F /* UsuarioDAO.swift */; };
		3F1A664B1E8ADDF200AEA94F /* AdicionarVagaViewController.swift in Sources */ = {isa = PBXBuildFile; fileRef = 3F1A664A1E8ADDF200AEA94F /* AdicionarVagaViewController.swift */; };
		3F1A664D1E8AFD6A00AEA94F /* CosmosDistrib.swift in Sources */ = {isa = PBXBuildFile; fileRef = 3F1A664C1E8AFD6A00AEA94F /* CosmosDistrib.swift */; };
		3F3CF6491E898B0600C3C3DA /* AppDelegate.swift in Sources */ = {isa = PBXBuildFile; fileRef = 3F3CF6481E898B0600C3C3DA /* AppDelegate.swift */; };
		3F3CF64B1E898B0600C3C3DA /* ViewController.swift in Sources */ = {isa = PBXBuildFile; fileRef = 3F3CF64A1E898B0600C3C3DA /* ViewController.swift */; };
		3F3CF6511E898B0600C3C3DA /* HosPet.xcdatamodeld in Sources */ = {isa = PBXBuildFile; fileRef = 3F3CF64F1E898B0600C3C3DA /* HosPet.xcdatamodeld */; };
		3F3CF6531E898B0600C3C3DA /* Assets.xcassets in Resources */ = {isa = PBXBuildFile; fileRef = 3F3CF6521E898B0600C3C3DA /* Assets.xcassets */; };
		3F3CF65E1E898CC200C3C3DA /* TelaInicialTableViewController.swift in Sources */ = {isa = PBXBuildFile; fileRef = 3F3CF65D1E898CC200C3C3DA /* TelaInicialTableViewController.swift */; };
		3F3CF6601E898CF500C3C3DA /* Usuario.swift in Sources */ = {isa = PBXBuildFile; fileRef = 3F3CF65F1E898CF500C3C3DA /* Usuario.swift */; };
		3F3CF6621E898D0300C3C3DA /* UsuarioTableViewCell.swift in Sources */ = {isa = PBXBuildFile; fileRef = 3F3CF6611E898D0300C3C3DA /* UsuarioTableViewCell.swift */; };
		3F3CF6661E898D7F00C3C3DA /* LaunchScreen.storyboard in Resources */ = {isa = PBXBuildFile; fileRef = 3F3CF6651E898D7F00C3C3DA /* LaunchScreen.storyboard */; };
		3F3CF66A1E899A0B00C3C3DA /* PerfilAnfitriaoViewController.swift in Sources */ = {isa = PBXBuildFile; fileRef = 3F3CF6691E899A0B00C3C3DA /* PerfilAnfitriaoViewController.swift */; };
		3F3D7A1A1E8AE063001E328B /* LocalAnfitriaoViewController.swift in Sources */ = {isa = PBXBuildFile; fileRef = 3F3D7A191E8AE063001E328B /* LocalAnfitriaoViewController.swift */; };
		3F43A5931E8C24F800CE0ABD /* Anfitriao+CoreDataClass.swift in Sources */ = {isa = PBXBuildFile; fileRef = 3F43A5911E8C24F800CE0ABD /* Anfitriao+CoreDataClass.swift */; };
		3F43A5941E8C24F800CE0ABD /* Anfitriao+CoreDataProperties.swift in Sources */ = {isa = PBXBuildFile; fileRef = 3F43A5921E8C24F800CE0ABD /* Anfitriao+CoreDataProperties.swift */; };
		3F43A5991E8C278600CE0ABD /* Usuario+CoreDataClass.swift in Sources */ = {isa = PBXBuildFile; fileRef = 3F43A5951E8C278600CE0ABD /* Usuario+CoreDataClass.swift */; };
		3F43A59A1E8C278600CE0ABD /* Usuario+CoreDataProperties.swift in Sources */ = {isa = PBXBuildFile; fileRef = 3F43A5961E8C278600CE0ABD /* Usuario+CoreDataProperties.swift */; };
		3F43A59B1E8C278600CE0ABD /* Animal+CoreDataClass.swift in Sources */ = {isa = PBXBuildFile; fileRef = 3F43A5971E8C278600CE0ABD /* Animal+CoreDataClass.swift */; };
		3F43A59C1E8C278600CE0ABD /* Animal+CoreDataProperties.swift in Sources */ = {isa = PBXBuildFile; fileRef = 3F43A5981E8C278600CE0ABD /* Animal+CoreDataProperties.swift */; };
		3F43A59E1E8C284300CE0ABD /* AnfitriaoDAO.swift in Sources */ = {isa = PBXBuildFile; fileRef = 3F43A59D1E8C284300CE0ABD /* AnfitriaoDAO.swift */; };
		3FBC8EF61E8C341300365B1B /* MeuPerfilViewController.swift in Sources */ = {isa = PBXBuildFile; fileRef = 3FBC8EF51E8C341200365B1B /* MeuPerfilViewController.swift */; };
		3FBC8EF81E8C3F8000365B1B /* DetalhesMeuPerfilViewController.swift in Sources */ = {isa = PBXBuildFile; fileRef = 3FBC8EF71E8C3F8000365B1B /* DetalhesMeuPerfilViewController.swift */; };
		3FC4DB821E8D8F160024E82B /* GaleriaUsuarioViewController.swift in Sources */ = {isa = PBXBuildFile; fileRef = 3FC4DB811E8D8F160024E82B /* GaleriaUsuarioViewController.swift */; };
		3FC576F91E8DA66E00D51DB0 /* Main.storyboard in Resources */ = {isa = PBXBuildFile; fileRef = 3FC576F81E8DA66E00D51DB0 /* Main.storyboard */; };
		3FDEC7221E8C32630060309D /* CadastroUsuarioViewController.swift in Sources */ = {isa = PBXBuildFile; fileRef = 3FDEC7211E8C32630060309D /* CadastroUsuarioViewController.swift */; };
		3FDEC7241E8C38B90060309D /* LoginViewController.swift in Sources */ = {isa = PBXBuildFile; fileRef = 3FDEC7231E8C38B90060309D /* LoginViewController.swift */; };
/* End PBXBuildFile section */

/* Begin PBXFileReference section */
		3F082D851E8D7C6400F9898B /* PerfilAnfitriaoContanierViewController.swift */ = {isa = PBXFileReference; fileEncoding = 4; lastKnownFileType = sourcecode.swift; path = PerfilAnfitriaoContanierViewController.swift; sourceTree = "<group>"; };
		3F1A66461E8AD49000AEA94F /* CoreDataManager.swift */ = {isa = PBXFileReference; fileEncoding = 4; lastKnownFileType = sourcecode.swift; path = CoreDataManager.swift; sourceTree = "<group>"; };
		3F1A66481E8AD5A900AEA94F /* UsuarioDAO.swift */ = {isa = PBXFileReference; fileEncoding = 4; lastKnownFileType = sourcecode.swift; path = UsuarioDAO.swift; sourceTree = "<group>"; };
		3F1A664A1E8ADDF200AEA94F /* AdicionarVagaViewController.swift */ = {isa = PBXFileReference; fileEncoding = 4; lastKnownFileType = sourcecode.swift; path = AdicionarVagaViewController.swift; sourceTree = "<group>"; };
		3F1A664C1E8AFD6A00AEA94F /* CosmosDistrib.swift */ = {isa = PBXFileReference; fileEncoding = 4; lastKnownFileType = sourcecode.swift; path = CosmosDistrib.swift; sourceTree = "<group>"; };
		3F3CF6451E898B0600C3C3DA /* HosPet.app */ = {isa = PBXFileReference; explicitFileType = wrapper.application; includeInIndex = 0; path = HosPet.app; sourceTree = BUILT_PRODUCTS_DIR; };
		3F3CF6481E898B0600C3C3DA /* AppDelegate.swift */ = {isa = PBXFileReference; lastKnownFileType = sourcecode.swift; path = AppDelegate.swift; sourceTree = "<group>"; };
		3F3CF64A1E898B0600C3C3DA /* ViewController.swift */ = {isa = PBXFileReference; lastKnownFileType = sourcecode.swift; path = ViewController.swift; sourceTree = "<group>"; };
		3F3CF6501E898B0600C3C3DA /* HosPet.xcdatamodel */ = {isa = PBXFileReference; lastKnownFileType = wrapper.xcdatamodel; path = HosPet.xcdatamodel; sourceTree = "<group>"; };
		3F3CF6521E898B0600C3C3DA /* Assets.xcassets */ = {isa = PBXFileReference; lastKnownFileType = folder.assetcatalog; path = Assets.xcassets; sourceTree = "<group>"; };
		3F3CF6571E898B0600C3C3DA /* Info.plist */ = {isa = PBXFileReference; lastKnownFileType = text.plist.xml; path = Info.plist; sourceTree = "<group>"; };
		3F3CF65D1E898CC200C3C3DA /* TelaInicialTableViewController.swift */ = {isa = PBXFileReference; fileEncoding = 4; lastKnownFileType = sourcecode.swift; path = TelaInicialTableViewController.swift; sourceTree = "<group>"; };
		3F3CF65F1E898CF500C3C3DA /* Usuario.swift */ = {isa = PBXFileReference; fileEncoding = 4; lastKnownFileType = sourcecode.swift; path = Usuario.swift; sourceTree = "<group>"; };
		3F3CF6611E898D0300C3C3DA /* UsuarioTableViewCell.swift */ = {isa = PBXFileReference; fileEncoding = 4; lastKnownFileType = sourcecode.swift; path = UsuarioTableViewCell.swift; sourceTree = "<group>"; };
		3F3CF6651E898D7F00C3C3DA /* LaunchScreen.storyboard */ = {isa = PBXFileReference; fileEncoding = 4; lastKnownFileType = file.storyboard; path = LaunchScreen.storyboard; sourceTree = "<group>"; };
		3F3CF6691E899A0B00C3C3DA /* PerfilAnfitriaoViewController.swift */ = {isa = PBXFileReference; fileEncoding = 4; lastKnownFileType = sourcecode.swift; path = PerfilAnfitriaoViewController.swift; sourceTree = "<group>"; };
		3F3D7A191E8AE063001E328B /* LocalAnfitriaoViewController.swift */ = {isa = PBXFileReference; fileEncoding = 4; lastKnownFileType = sourcecode.swift; path = LocalAnfitriaoViewController.swift; sourceTree = "<group>"; };
		3F43A5911E8C24F800CE0ABD /* Anfitriao+CoreDataClass.swift */ = {isa = PBXFileReference; fileEncoding = 4; lastKnownFileType = sourcecode.swift; path = "Anfitriao+CoreDataClass.swift"; sourceTree = "<group>"; };
		3F43A5921E8C24F800CE0ABD /* Anfitriao+CoreDataProperties.swift */ = {isa = PBXFileReference; fileEncoding = 4; lastKnownFileType = sourcecode.swift; path = "Anfitriao+CoreDataProperties.swift"; sourceTree = "<group>"; };
		3F43A5951E8C278600CE0ABD /* Usuario+CoreDataClass.swift */ = {isa = PBXFileReference; fileEncoding = 4; lastKnownFileType = sourcecode.swift; path = "Usuario+CoreDataClass.swift"; sourceTree = "<group>"; };
		3F43A5961E8C278600CE0ABD /* Usuario+CoreDataProperties.swift */ = {isa = PBXFileReference; fileEncoding = 4; lastKnownFileType = sourcecode.swift; path = "Usuario+CoreDataProperties.swift"; sourceTree = "<group>"; };
		3F43A5971E8C278600CE0ABD /* Animal+CoreDataClass.swift */ = {isa = PBXFileReference; fileEncoding = 4; lastKnownFileType = sourcecode.swift; path = "Animal+CoreDataClass.swift"; sourceTree = "<group>"; };
		3F43A5981E8C278600CE0ABD /* Animal+CoreDataProperties.swift */ = {isa = PBXFileReference; fileEncoding = 4; lastKnownFileType = sourcecode.swift; path = "Animal+CoreDataProperties.swift"; sourceTree = "<group>"; };
		3F43A59D1E8C284300CE0ABD /* AnfitriaoDAO.swift */ = {isa = PBXFileReference; fileEncoding = 4; lastKnownFileType = sourcecode.swift; path = AnfitriaoDAO.swift; sourceTree = "<group>"; };
		3FBC8EF51E8C341200365B1B /* MeuPerfilViewController.swift */ = {isa = PBXFileReference; fileEncoding = 4; lastKnownFileType = sourcecode.swift; path = MeuPerfilViewController.swift; sourceTree = "<group>"; };
		3FBC8EF71E8C3F8000365B1B /* DetalhesMeuPerfilViewController.swift */ = {isa = PBXFileReference; fileEncoding = 4; lastKnownFileType = sourcecode.swift; path = DetalhesMeuPerfilViewController.swift; sourceTree = "<group>"; };
		3FC4DB811E8D8F160024E82B /* GaleriaUsuarioViewController.swift */ = {isa = PBXFileReference; fileEncoding = 4; lastKnownFileType = sourcecode.swift; path = GaleriaUsuarioViewController.swift; sourceTree = "<group>"; };
		3FC576F81E8DA66E00D51DB0 /* Main.storyboard */ = {isa = PBXFileReference; fileEncoding = 4; lastKnownFileType = file.storyboard; path = Main.storyboard; sourceTree = "<group>"; };
		3FDEC7211E8C32630060309D /* CadastroUsuarioViewController.swift */ = {isa = PBXFileReference; fileEncoding = 4; lastKnownFileType = sourcecode.swift; path = CadastroUsuarioViewController.swift; sourceTree = "<group>"; };
		3FDEC7231E8C38B90060309D /* LoginViewController.swift */ = {isa = PBXFileReference; fileEncoding = 4; lastKnownFileType = sourcecode.swift; path = LoginViewController.swift; sourceTree = "<group>"; };
/* End PBXFileReference section */

/* Begin PBXFrameworksBuildPhase section */
		3F3CF6421E898B0600C3C3DA /* Frameworks */ = {
			isa = PBXFrameworksBuildPhase;
			buildActionMask = 2147483647;
			files = (
			);
			runOnlyForDeploymentPostprocessing = 0;
		};
/* End PBXFrameworksBuildPhase section */

/* Begin PBXGroup section */
		3F1A66451E8AD33D00AEA94F /* SupportingFiles */ = {
			isa = PBXGroup;
			children = (
				3F3CF6481E898B0600C3C3DA /* AppDelegate.swift */,
				3F3CF6651E898D7F00C3C3DA /* LaunchScreen.storyboard */,
				3F3CF6571E898B0600C3C3DA /* Info.plist */,
				3F1A66461E8AD49000AEA94F /* CoreDataManager.swift */,
			);
			name = SupportingFiles;
			sourceTree = "<group>";
		};
		3F3CF63C1E898B0600C3C3DA = {
			isa = PBXGroup;
			children = (
				3F3CF6471E898B0600C3C3DA /* HosPet */,
				3F3CF6461E898B0600C3C3DA /* Products */,
			);
			sourceTree = "<group>";
		};
		3F3CF6461E898B0600C3C3DA /* Products */ = {
			isa = PBXGroup;
			children = (
				3F3CF6451E898B0600C3C3DA /* HosPet.app */,
			);
			name = Products;
			sourceTree = "<group>";
		};
		3F3CF6471E898B0600C3C3DA /* HosPet */ = {
			isa = PBXGroup;
			children = (
				3F86EC871E8D735800C9592A /* Controllers */,
				3F86EC881E8D737400C9592A /* CoreDataFiles */,
				3F1A66451E8AD33D00AEA94F /* SupportingFiles */,
				3F3CF6521E898B0600C3C3DA /* Assets.xcassets */,
				3FC576F81E8DA66E00D51DB0 /* Main.storyboard */,
				3F43A59D1E8C284300CE0ABD /* AnfitriaoDAO.swift */,
				3F1A66481E8AD5A900AEA94F /* UsuarioDAO.swift */,
				3F3CF65F1E898CF500C3C3DA /* Usuario.swift */,
				3F3CF6611E898D0300C3C3DA /* UsuarioTableViewCell.swift */,
				3F3CF64F1E898B0600C3C3DA /* HosPet.xcdatamodeld */,
				3F1A664C1E8AFD6A00AEA94F /* CosmosDistrib.swift */,
			);
			path = HosPet;
			sourceTree = "<group>";
		};
		3F86EC871E8D735800C9592A /* Controllers */ = {
			isa = PBXGroup;
			children = (
				3F082D851E8D7C6400F9898B /* PerfilAnfitriaoContanierViewController.swift */,
				3F3CF64A1E898B0600C3C3DA /* ViewController.swift */,
				3F3CF65D1E898CC200C3C3DA /* TelaInicialTableViewController.swift */,
				3FDEC7211E8C32630060309D /* CadastroUsuarioViewController.swift */,
				3FDEC7231E8C38B90060309D /* LoginViewController.swift */,
				3F3CF6691E899A0B00C3C3DA /* PerfilAnfitriaoViewController.swift */,
				3FBC8EF51E8C341200365B1B /* MeuPerfilViewController.swift */,
				3FBC8EF71E8C3F8000365B1B /* DetalhesMeuPerfilViewController.swift */,
				3F3D7A191E8AE063001E328B /* LocalAnfitriaoViewController.swift */,
				3F1A664A1E8ADDF200AEA94F /* AdicionarVagaViewController.swift */,
				3FC4DB811E8D8F160024E82B /* GaleriaUsuarioViewController.swift */,
			);
			name = Controllers;
			sourceTree = "<group>";
		};
		3F86EC881E8D737400C9592A /* CoreDataFiles */ = {
			isa = PBXGroup;
			children = (
				3F43A5951E8C278600CE0ABD /* Usuario+CoreDataClass.swift */,
				3F43A5961E8C278600CE0ABD /* Usuario+CoreDataProperties.swift */,
				3F43A5971E8C278600CE0ABD /* Animal+CoreDataClass.swift */,
				3F43A5981E8C278600CE0ABD /* Animal+CoreDataProperties.swift */,
				3F43A5911E8C24F800CE0ABD /* Anfitriao+CoreDataClass.swift */,
				3F43A5921E8C24F800CE0ABD /* Anfitriao+CoreDataProperties.swift */,
			);
			name = CoreDataFiles;
			sourceTree = "<group>";
		};
/* End PBXGroup section */

/* Begin PBXNativeTarget section */
		3F3CF6441E898B0600C3C3DA /* HosPet */ = {
			isa = PBXNativeTarget;
			buildConfigurationList = 3F3CF65A1E898B0600C3C3DA /* Build configuration list for PBXNativeTarget "HosPet" */;
			buildPhases = (
				3F3CF6411E898B0600C3C3DA /* Sources */,
				3F3CF6421E898B0600C3C3DA /* Frameworks */,
				3F3CF6431E898B0600C3C3DA /* Resources */,
			);
			buildRules = (
			);
			dependencies = (
			);
			name = HosPet;
			productName = HosPet;
			productReference = 3F3CF6451E898B0600C3C3DA /* HosPet.app */;
			productType = "com.apple.product-type.application";
		};
/* End PBXNativeTarget section */

/* Begin PBXProject section */
		3F3CF63D1E898B0600C3C3DA /* Project object */ = {
			isa = PBXProject;
			attributes = {
				LastSwiftUpdateCheck = 0820;
				LastUpgradeCheck = 0820;
				ORGANIZATIONNAME = Veruska;
				TargetAttributes = {
					3F3CF6441E898B0600C3C3DA = {
						CreatedOnToolsVersion = 8.2.1;
						DevelopmentTeam = 836WVM9734;
						ProvisioningStyle = Automatic;
					};
				};
			};
			buildConfigurationList = 3F3CF6401E898B0600C3C3DA /* Build configuration list for PBXProject "HosPet" */;
			compatibilityVersion = "Xcode 3.2";
			developmentRegion = English;
			hasScannedForEncodings = 0;
			knownRegions = (
				en,
				Base,
			);
			mainGroup = 3F3CF63C1E898B0600C3C3DA;
			productRefGroup = 3F3CF6461E898B0600C3C3DA /* Products */;
			projectDirPath = "";
			projectRoot = "";
			targets = (
				3F3CF6441E898B0600C3C3DA /* HosPet */,
			);
		};
/* End PBXProject section */

/* Begin PBXResourcesBuildPhase section */
		3F3CF6431E898B0600C3C3DA /* Resources */ = {
			isa = PBXResourcesBuildPhase;
			buildActionMask = 2147483647;
			files = (
				3FC576F91E8DA66E00D51DB0 /* Main.storyboard in Resources */,
				3F3CF6661E898D7F00C3C3DA /* LaunchScreen.storyboard in Resources */,
				3F3CF6531E898B0600C3C3DA /* Assets.xcassets in Resources */,
			);
			runOnlyForDeploymentPostprocessing = 0;
		};
/* End PBXResourcesBuildPhase section */

/* Begin PBXSourcesBuildPhase section */
		3F3CF6411E898B0600C3C3DA /* Sources */ = {
			isa = PBXSourcesBuildPhase;
			buildActionMask = 2147483647;
			files = (
				3FDEC7241E8C38B90060309D /* LoginViewController.swift in Sources */,
				3F1A664B1E8ADDF200AEA94F /* AdicionarVagaViewController.swift in Sources */,
				3F3CF64B1E898B0600C3C3DA /* ViewController.swift in Sources */,
				3FBC8EF81E8C3F8000365B1B /* DetalhesMeuPerfilViewController.swift in Sources */,
				3F3CF65E1E898CC200C3C3DA /* TelaInicialTableViewController.swift in Sources */,
				3F43A59B1E8C278600CE0ABD /* Animal+CoreDataClass.swift in Sources */,
				3F1A66491E8AD5A900AEA94F /* UsuarioDAO.swift in Sources */,
				3F3CF6621E898D0300C3C3DA /* UsuarioTableViewCell.swift in Sources */,
				3F082D861E8D7C6400F9898B /* PerfilAnfitriaoContanierViewController.swift in Sources */,
				3FDEC7221E8C32630060309D /* CadastroUsuarioViewController.swift in Sources */,
				3F43A59C1E8C278600CE0ABD /* Animal+CoreDataProperties.swift in Sources */,
				3FBC8EF61E8C341300365B1B /* MeuPerfilViewController.swift in Sources */,
				3F3CF6511E898B0600C3C3DA /* HosPet.xcdatamodeld in Sources */,
				3F3D7A1A1E8AE063001E328B /* LocalAnfitriaoViewController.swift in Sources */,
				3F43A59A1E8C278600CE0ABD /* Usuario+CoreDataProperties.swift in Sources */,
				3F3CF66A1E899A0B00C3C3DA /* PerfilAnfitriaoViewController.swift in Sources */,
				3F43A5941E8C24F800CE0ABD /* Anfitriao+CoreDataProperties.swift in Sources */,
				3F3CF6601E898CF500C3C3DA /* Usuario.swift in Sources */,
				3F3CF6491E898B0600C3C3DA /* AppDelegate.swift in Sources */,
				3F43A59E1E8C284300CE0ABD /* AnfitriaoDAO.swift in Sources */,
				3F1A664D1E8AFD6A00AEA94F /* CosmosDistrib.swift in Sources */,
				3F43A5931E8C24F800CE0ABD /* Anfitriao+CoreDataClass.swift in Sources */,
				3FC4DB821E8D8F160024E82B /* GaleriaUsuarioViewController.swift in Sources */,
				3F1A66471E8AD49000AEA94F /* CoreDataManager.swift in Sources */,
				3F43A5991E8C278600CE0ABD /* Usuario+CoreDataClass.swift in Sources */,
			);
			runOnlyForDeploymentPostprocessing = 0;
		};
/* End PBXSourcesBuildPhase section */

/* Begin XCBuildConfiguration section */
		3F3CF6581E898B0600C3C3DA /* Debug */ = {
			isa = XCBuildConfiguration;
			buildSettings = {
				ALWAYS_SEARCH_USER_PATHS = NO;
				CLANG_ANALYZER_NONNULL = YES;
				CLANG_CXX_LANGUAGE_STANDARD = "gnu++0x";
				CLANG_CXX_LIBRARY = "libc++";
				CLANG_ENABLE_MODULES = YES;
				CLANG_ENABLE_OBJC_ARC = YES;
				CLANG_WARN_BOOL_CONVERSION = YES;
				CLANG_WARN_CONSTANT_CONVERSION = YES;
				CLANG_WARN_DIRECT_OBJC_ISA_USAGE = YES_ERROR;
				CLANG_WARN_DOCUMENTATION_COMMENTS = YES;
				CLANG_WARN_EMPTY_BODY = YES;
				CLANG_WARN_ENUM_CONVERSION = YES;
				CLANG_WARN_INFINITE_RECURSION = YES;
				CLANG_WARN_INT_CONVERSION = YES;
				CLANG_WARN_OBJC_ROOT_CLASS = YES_ERROR;
				CLANG_WARN_SUSPICIOUS_MOVE = YES;
				CLANG_WARN_UNREACHABLE_CODE = YES;
				CLANG_WARN__DUPLICATE_METHOD_MATCH = YES;
				"CODE_SIGN_IDENTITY[sdk=iphoneos*]" = "iPhone Developer";
				COPY_PHASE_STRIP = NO;
				DEBUG_INFORMATION_FORMAT = dwarf;
				ENABLE_STRICT_OBJC_MSGSEND = YES;
				ENABLE_TESTABILITY = YES;
				GCC_C_LANGUAGE_STANDARD = gnu99;
				GCC_DYNAMIC_NO_PIC = NO;
				GCC_NO_COMMON_BLOCKS = YES;
				GCC_OPTIMIZATION_LEVEL = 0;
				GCC_PREPROCESSOR_DEFINITIONS = (
					"DEBUG=1",
					"$(inherited)",
				);
				GCC_WARN_64_TO_32_BIT_CONVERSION = YES;
				GCC_WARN_ABOUT_RETURN_TYPE = YES_ERROR;
				GCC_WARN_UNDECLARED_SELECTOR = YES;
				GCC_WARN_UNINITIALIZED_AUTOS = YES_AGGRESSIVE;
				GCC_WARN_UNUSED_FUNCTION = YES;
				GCC_WARN_UNUSED_VARIABLE = YES;
				IPHONEOS_DEPLOYMENT_TARGET = 10.2;
				MTL_ENABLE_DEBUG_INFO = YES;
				ONLY_ACTIVE_ARCH = YES;
				SDKROOT = iphoneos;
				SWIFT_ACTIVE_COMPILATION_CONDITIONS = DEBUG;
				SWIFT_OPTIMIZATION_LEVEL = "-Onone";
				TARGETED_DEVICE_FAMILY = "1,2";
			};
			name = Debug;
		};
		3F3CF6591E898B0600C3C3DA /* Release */ = {
			isa = XCBuildConfiguration;
			buildSettings = {
				ALWAYS_SEARCH_USER_PATHS = NO;
				CLANG_ANALYZER_NONNULL = YES;
				CLANG_CXX_LANGUAGE_STANDARD = "gnu++0x";
				CLANG_CXX_LIBRARY = "libc++";
				CLANG_ENABLE_MODULES = YES;
				CLANG_ENABLE_OBJC_ARC = YES;
				CLANG_WARN_BOOL_CONVERSION = YES;
				CLANG_WARN_CONSTANT_CONVERSION = YES;
				CLANG_WARN_DIRECT_OBJC_ISA_USAGE = YES_ERROR;
				CLANG_WARN_DOCUMENTATION_COMMENTS = YES;
				CLANG_WARN_EMPTY_BODY = YES;
				CLANG_WARN_ENUM_CONVERSION = YES;
				CLANG_WARN_INFINITE_RECURSION = YES;
				CLANG_WARN_INT_CONVERSION = YES;
				CLANG_WARN_OBJC_ROOT_CLASS = YES_ERROR;
				CLANG_WARN_SUSPICIOUS_MOVE = YES;
				CLANG_WARN_UNREACHABLE_CODE = YES;
				CLANG_WARN__DUPLICATE_METHOD_MATCH = YES;
				"CODE_SIGN_IDENTITY[sdk=iphoneos*]" = "iPhone Developer";
				COPY_PHASE_STRIP = NO;
				DEBUG_INFORMATION_FORMAT = "dwarf-with-dsym";
				ENABLE_NS_ASSERTIONS = NO;
				ENABLE_STRICT_OBJC_MSGSEND = YES;
				GCC_C_LANGUAGE_STANDARD = gnu99;
				GCC_NO_COMMON_BLOCKS = YES;
				GCC_WARN_64_TO_32_BIT_CONVERSION = YES;
				GCC_WARN_ABOUT_RETURN_TYPE = YES_ERROR;
				GCC_WARN_UNDECLARED_SELECTOR = YES;
				GCC_WARN_UNINITIALIZED_AUTOS = YES_AGGRESSIVE;
				GCC_WARN_UNUSED_FUNCTION = YES;
				GCC_WARN_UNUSED_VARIABLE = YES;
				IPHONEOS_DEPLOYMENT_TARGET = 10.2;
				MTL_ENABLE_DEBUG_INFO = NO;
				SDKROOT = iphoneos;
				SWIFT_OPTIMIZATION_LEVEL = "-Owholemodule";
				TARGETED_DEVICE_FAMILY = "1,2";
				VALIDATE_PRODUCT = YES;
			};
			name = Release;
		};
		3F3CF65B1E898B0600C3C3DA /* Debug */ = {
			isa = XCBuildConfiguration;
			buildSettings = {
				ASSETCATALOG_COMPILER_APPICON_NAME = AppIcon;
				DEVELOPMENT_TEAM = 836WVM9734;
				INFOPLIST_FILE = HosPet/Info.plist;
				LD_RUNPATH_SEARCH_PATHS = "$(inherited) @executable_path/Frameworks";
				PRODUCT_BUNDLE_IDENTIFIER = br.com.santos.veruska.HosPet;
				PRODUCT_NAME = "$(TARGET_NAME)";
				SWIFT_VERSION = 3.0;
			};
			name = Debug;
		};
		3F3CF65C1E898B0600C3C3DA /* Release */ = {
			isa = XCBuildConfiguration;
			buildSettings = {
				ASSETCATALOG_COMPILER_APPICON_NAME = AppIcon;
				DEVELOPMENT_TEAM = 836WVM9734;
				INFOPLIST_FILE = HosPet/Info.plist;
				LD_RUNPATH_SEARCH_PATHS = "$(inherited) @executable_path/Frameworks";
				PRODUCT_BUNDLE_IDENTIFIER = br.com.santos.veruska.HosPet;
				PRODUCT_NAME = "$(TARGET_NAME)";
				SWIFT_VERSION = 3.0;
			};
			name = Release;
		};
/* End XCBuildConfiguration section */

/* Begin XCConfigurationList section */
		3F3CF6401E898B0600C3C3DA /* Build configuration list for PBXProject "HosPet" */ = {
			isa = XCConfigurationList;
			buildConfigurations = (
				3F3CF6581E898B0600C3C3DA /* Debug */,
				3F3CF6591E898B0600C3C3DA /* Release */,
			);
			defaultConfigurationIsVisible = 0;
			defaultConfigurationName = Release;
		};
		3F3CF65A1E898B0600C3C3DA /* Build configuration list for PBXNativeTarget "HosPet" */ = {
			isa = XCConfigurationList;
			buildConfigurations = (
				3F3CF65B1E898B0600C3C3DA /* Debug */,
				3F3CF65C1E898B0600C3C3DA /* Release */,
			);
			defaultConfigurationIsVisible = 0;
			defaultConfigurationName = Release;
		};
/* End XCConfigurationList section */

/* Begin XCVersionGroup section */
		3F3CF64F1E898B0600C3C3DA /* HosPet.xcdatamodeld */ = {
			isa = XCVersionGroup;
			children = (
				3F3CF6501E898B0600C3C3DA /* HosPet.xcdatamodel */,
			);
			currentVersion = 3F3CF6501E898B0600C3C3DA /* HosPet.xcdatamodel */;
			path = HosPet.xcdatamodeld;
			sourceTree = "<group>";
			versionGroupType = wrapper.xcdatamodel;
		};
/* End XCVersionGroup section */
	};
	rootObject = 3F3CF63D1E898B0600C3C3DA /* Project object */;
}
